{
  "originHash" : "6882d9c754d47faeca71304f7e83865f15f030766f8bd1e452732164e5252a6e",
  "pins" : [
    {
      "identity" : "hue",
      "kind" : "remoteSourceControl",
      "location" : "https://github.com/zenangst/Hue",
      "state" : {
        "revision" : "b9d920cee4ba795fefb828d130744eee1e3d2feb",
        "version" : "5.0.1"
      }
    },
    {
      "identity" : "pitchy",
      "kind" : "remoteSourceControl",
      "location" : "https://github.com/ajc6432/Pitchy",
      "state" : {
        "branch" : "master",
        "revision" : "a28b61148694c114cb50113a351055c41e27de09"
      }
    }
  ],
  "version" : 3
}
