{
  "originHash" : "04b328337f6e3bf453394be4167dfaf2eb236369d1b65b8c9bd2c7556e4a50d3",
  "pins" : [
    {
      "identity" : "beethoven",
      "kind" : "remoteSourceControl",
      "location" : "https://github.com/ajc6432/Beethoven",
      "state" : {
        "branch" : "master",
        "revision" : "b52e0266bd98ff5a8832996776141d514b6e0116"
      }
    },
    {
      "identity" : "hue",
      "kind" : "remoteSourceControl",
      "location" : "https://github.com/zenangst/Hue",
      "state" : {
        "revision" : "b9d920cee4ba795fefb828d130744eee1e3d2feb",
        "version" : "5.0.1"
      }
    },
    {
      "identity" : "pitchy",
      "kind" : "remoteSourceControl",
      "location" : "https://github.com/ajc6432/Pitchy",
      "state" : {
        "branch" : "master",
        "revision" : "a28b61148694c114cb50113a351055c41e27de09"
      }
    }
  ],
  "version" : 3
}
